
Microsoft Visual Studio Solution File, Format Version 12.00
# Visual Studio Version 17
VisualStudioVersion = 17.7.34024.191
MinimumVisualStudioVersion = 10.0.40219.1
Project("{8BC9CEB8-8B4A-11D0-8D11-00A0C91BC942}") = "lab7", "lab7\lab7.vcxproj", "{7B2A7B84-90C4-4715-BD6C-87D9AC149A4C}"
EndProject
Global
	GlobalSection(SolutionConfigurationPlatforms) = preSolution
		Debug|x64 = Debug|x64
		Debug|x86 = Debug|x86
		Release|x64 = Release|x64
		Release|x86 = Release|x86
	EndGlobalSection
	GlobalSection(ProjectConfigurationPlatforms) = postSolution
		{7B2A7B84-90C4-4715-BD6C-87D9AC149A4C}.Debug|x64.ActiveCfg = Debug|x64
		{7B2A7B84-90C4-4715-BD6C-87D9AC149A4C}.Debug|x64.Build.0 = Debug|x64
		{7B2A7B84-90C4-4715-BD6C-87D9AC149A4C}.Debug|x86.ActiveCfg = Debug|Win32
		{7B2A7B84-90C4-4715-BD6C-87D9AC149A4C}.Debug|x86.Build.0 = Debug|Win32
		{7B2A7B84-90C4-4715-BD6C-87D9AC149A4C}.Release|x64.ActiveCfg = Release|x64
		{7B2A7B84-90C4-4715-BD6C-87D9AC149A4C}.Release|x64.Build.0 = Release|x64
		{7B2A7B84-90C4-4715-BD6C-87D9AC149A4C}.Release|x86.ActiveCfg = Release|Win32
		{7B2A7B84-90C4-4715-BD6C-87D9AC149A4C}.Release|x86.Build.0 = Release|Win32
	EndGlobalSection
	GlobalSection(SolutionProperties) = preSolution
		HideSolutionNode = FALSE
	EndGlobalSection
	GlobalSection(ExtensibilityGlobals) = postSolution
		SolutionGuid = {921162E2-BF72-43AD-973A-1F4C0C0F4C99}
	EndGlobalSection
EndGlobal
